// !$*UTF8*$!
{
	archiveVersion = 1;
	classes = {
	};
	objectVersion = 50;
	objects = {

/* Begin PBXBuildFile section */
		D96B6461249D17D100B14E91 /* AppDelegate.swift in Sources */ = {isa = PBXBuildFile; fileRef = D96B6460249D17D100B14E91 /* AppDelegate.swift */; };
		D96B6463249D17D200B14E91 /* SceneDelegate.swift in Sources */ = {isa = PBXBuildFile; fileRef = D96B6462249D17D200B14E91 /* SceneDelegate.swift */; };
		D96B6465249D17D200B14E91 /* ContentView.swift in Sources */ = {isa = PBXBuildFile; fileRef = D96B6464249D17D200B14E91 /* ContentView.swift */; };
		D96B6467249D17D400B14E91 /* Assets.xcassets in Resources */ = {isa = PBXBuildFile; fileRef = D96B6466249D17D400B14E91 /* Assets.xcassets */; };
		D96B646A249D17D400B14E91 /* Preview Assets.xcassets in Resources */ = {isa = PBXBuildFile; fileRef = D96B6469249D17D400B14E91 /* Preview Assets.xcassets */; };
		D96B646D249D17D400B14E91 /* LaunchScreen.storyboard in Resources */ = {isa = PBXBuildFile; fileRef = D96B646B249D17D400B14E91 /* LaunchScreen.storyboard */; };
		D96B6478249D17D400B14E91 /* Project_moobarak_finalTests.swift in Sources */ = {isa = PBXBuildFile; fileRef = D96B6477249D17D400B14E91 /* Project_moobarak_finalTests.swift */; };
		D96B6483249D17D400B14E91 /* Project_moobarak_finalUITests.swift in Sources */ = {isa = PBXBuildFile; fileRef = D96B6482249D17D400B14E91 /* Project_moobarak_finalUITests.swift */; };
/* End PBXBuildFile section */

/* Begin PBXContainerItemProxy section */
		D96B6474249D17D400B14E91 /* PBXContainerItemProxy */ = {
			isa = PBXContainerItemProxy;
			containerPortal = D96B6455249D17D100B14E91 /* Project object */;
			proxyType = 1;
			remoteGlobalIDString = D96B645C249D17D100B14E91;
			remoteInfo = Project_moobarak_final;
		};
		D96B647F249D17D400B14E91 /* PBXContainerItemProxy */ = {
			isa = PBXContainerItemProxy;
			containerPortal = D96B6455249D17D100B14E91 /* Project object */;
			proxyType = 1;
			remoteGlobalIDString = D96B645C249D17D100B14E91;
			remoteInfo = Project_moobarak_final;
		};
/* End PBXContainerItemProxy section */

/* Begin PBXFileReference section */
		D96B645D249D17D100B14E91 /* Project_moobarak_final.app */ = {isa = PBXFileReference; explicitFileType = wrapper.application; includeInIndex = 0; path = Project_moobarak_final.app; sourceTree = BUILT_PRODUCTS_DIR; };
		D96B6460249D17D100B14E91 /* AppDelegate.swift */ = {isa = PBXFileReference; lastKnownFileType = sourcecode.swift; path = AppDelegate.swift; sourceTree = "<group>"; };
		D96B6462249D17D200B14E91 /* SceneDelegate.swift */ = {isa = PBXFileReference; lastKnownFileType = sourcecode.swift; path = SceneDelegate.swift; sourceTree = "<group>"; };
		D96B6464249D17D200B14E91 /* ContentView.swift */ = {isa = PBXFileReference; lastKnownFileType = sourcecode.swift; path = ContentView.swift; sourceTree = "<group>"; };
		D96B6466249D17D400B14E91 /* Assets.xcassets */ = {isa = PBXFileReference; lastKnownFileType = folder.assetcatalog; path = Assets.xcassets; sourceTree = "<group>"; };
		D96B6469249D17D400B14E91 /* Preview Assets.xcassets */ = {isa = PBXFileReference; lastKnownFileType = folder.assetcatalog; path = "Preview Assets.xcassets"; sourceTree = "<group>"; };
		D96B646C249D17D400B14E91 /* Base */ = {isa = PBXFileReference; lastKnownFileType = file.storyboard; name = Base; path = Base.lproj/LaunchScreen.storyboard; sourceTree = "<group>"; };
		D96B646E249D17D400B14E91 /* Info.plist */ = {isa = PBXFileReference; lastKnownFileType = text.plist.xml; path = Info.plist; sourceTree = "<group>"; };
		D96B6473249D17D400B14E91 /* Project_moobarak_finalTests.xctest */ = {isa = PBXFileReference; explicitFileType = wrapper.cfbundle; includeInIndex = 0; path = Project_moobarak_finalTests.xctest; sourceTree = BUILT_PRODUCTS_DIR; };
		D96B6477249D17D400B14E91 /* Project_moobarak_finalTests.swift */ = {isa = PBXFileReference; lastKnownFileType = sourcecode.swift; path = Project_moobarak_finalTests.swift; sourceTree = "<group>"; };
		D96B6479249D17D400B14E91 /* Info.plist */ = {isa = PBXFileReference; lastKnownFileType = text.plist.xml; path = Info.plist; sourceTree = "<group>"; };
		D96B647E249D17D400B14E91 /* Project_moobarak_finalUITests.xctest */ = {isa = PBXFileReference; explicitFileType = wrapper.cfbundle; includeInIndex = 0; path = Project_moobarak_finalUITests.xctest; sourceTree = BUILT_PRODUCTS_DIR; };
		D96B6482249D17D400B14E91 /* Project_moobarak_finalUITests.swift */ = {isa = PBXFileReference; lastKnownFileType = sourcecode.swift; path = Project_moobarak_finalUITests.swift; sourceTree = "<group>"; };
		D96B6484249D17D400B14E91 /* Info.plist */ = {isa = PBXFileReference; lastKnownFileType = text.plist.xml; path = Info.plist; sourceTree = "<group>"; };
/* End PBXFileReference section */

/* Begin PBXFrameworksBuildPhase section */
		D96B645A249D17D100B14E91 /* Frameworks */ = {
			isa = PBXFrameworksBuildPhase;
			buildActionMask = 2147483647;
			files = (
			);
			runOnlyForDeploymentPostprocessing = 0;
		};
		D96B6470249D17D400B14E91 /* Frameworks */ = {
			isa = PBXFrameworksBuildPhase;
			buildActionMask = 2147483647;
			files = (
			);
			runOnlyForDeploymentPostprocessing = 0;
		};
		D96B647B249D17D400B14E91 /* Frameworks */ = {
			isa = PBXFrameworksBuildPhase;
			buildActionMask = 2147483647;
			files = (
			);
			runOnlyForDeploymentPostprocessing = 0;
		};
/* End PBXFrameworksBuildPhase section */

/* Begin PBXGroup section */
		D96B6454249D17D100B14E91 = {
			isa = PBXGroup;
			children = (
				D96B645F249D17D100B14E91 /* Project_moobarak_final */,
				D96B6476249D17D400B14E91 /* Project_moobarak_finalTests */,
				D96B6481249D17D400B14E91 /* Project_moobarak_finalUITests */,
				D96B645E249D17D100B14E91 /* Products */,
			);
			sourceTree = "<group>";
		};
		D96B645E249D17D100B14E91 /* Products */ = {
			isa = PBXGroup;
			children = (
				D96B645D249D17D100B14E91 /* Project_moobarak_final.app */,
				D96B6473249D17D400B14E91 /* Project_moobarak_finalTests.xctest */,
				D96B647E249D17D400B14E91 /* Project_moobarak_finalUITests.xctest */,
			);
			name = Products;
			sourceTree = "<group>";
		};
		D96B645F249D17D100B14E91 /* Project_moobarak_final */ = {
			isa = PBXGroup;
			children = (
				D96B6460249D17D100B14E91 /* AppDelegate.swift */,
				D96B6462249D17D200B14E91 /* SceneDelegate.swift */,
				D96B6464249D17D200B14E91 /* ContentView.swift */,
				D96B6466249D17D400B14E91 /* Assets.xcassets */,
				D96B646B249D17D400B14E91 /* LaunchScreen.storyboard */,
				D96B646E249D17D400B14E91 /* Info.plist */,
				D96B6468249D17D400B14E91 /* Preview Content */,
			);
			path = Project_moobarak_final;
			sourceTree = "<group>";
		};
		D96B6468249D17D400B14E91 /* Preview Content */ = {
			isa = PBXGroup;
			children = (
				D96B6469249D17D400B14E91 /* Preview Assets.xcassets */,
			);
			path = "Preview Content";
			sourceTree = "<group>";
		};
		D96B6476249D17D400B14E91 /* Project_moobarak_finalTests */ = {
			isa = PBXGroup;
			children = (
				D96B6477249D17D400B14E91 /* Project_moobarak_finalTests.swift */,
				D96B6479249D17D400B14E91 /* Info.plist */,
			);
			path = Project_moobarak_finalTests;
			sourceTree = "<group>";
		};
		D96B6481249D17D400B14E91 /* Project_moobarak_finalUITests */ = {
			isa = PBXGroup;
			children = (
				D96B6482249D17D400B14E91 /* Project_moobarak_finalUITests.swift */,
				D96B6484249D17D400B14E91 /* Info.plist */,
			);
			path = Project_moobarak_finalUITests;
			sourceTree = "<group>";
		};
/* End PBXGroup section */

/* Begin PBXNativeTarget section */
		D96B645C249D17D100B14E91 /* Project_moobarak_final */ = {
			isa = PBXNativeTarget;
			buildConfigurationList = D96B6487249D17D400B14E91 /* Build configuration list for PBXNativeTarget "Project_moobarak_final" */;
			buildPhases = (
				D96B6459249D17D100B14E91 /* Sources */,
				D96B645A249D17D100B14E91 /* Frameworks */,
				D96B645B249D17D100B14E91 /* Resources */,
			);
			buildRules = (
			);
			dependencies = (
			);
			name = Project_moobarak_final;
			productName = Project_moobarak_final;
			productReference = D96B645D249D17D100B14E91 /* Project_moobarak_final.app */;
			productType = "com.apple.product-type.application";
		};
		D96B6472249D17D400B14E91 /* Project_moobarak_finalTests */ = {
			isa = PBXNativeTarget;
			buildConfigurationList = D96B648A249D17D400B14E91 /* Build configuration list for PBXNativeTarget "Project_moobarak_finalTests" */;
			buildPhases = (
				D96B646F249D17D400B14E91 /* Sources */,
				D96B6470249D17D400B14E91 /* Frameworks */,
				D96B6471249D17D400B14E91 /* Resources */,
			);
			buildRules = (
			);
			dependencies = (
				D96B6475249D17D400B14E91 /* PBXTargetDependency */,
			);
			name = Project_moobarak_finalTests;
			productName = Project_moobarak_finalTests;
			productReference = D96B6473249D17D400B14E91 /* Project_moobarak_finalTests.xctest */;
			productType = "com.apple.product-type.bundle.unit-test";
		};
		D96B647D249D17D400B14E91 /* Project_moobarak_finalUITests */ = {
			isa = PBXNativeTarget;
			buildConfigurationList = D96B648D249D17D400B14E91 /* Build configuration list for PBXNativeTarget "Project_moobarak_finalUITests" */;
			buildPhases = (
				D96B647A249D17D400B14E91 /* Sources */,
				D96B647B249D17D400B14E91 /* Frameworks */,
				D96B647C249D17D400B14E91 /* Resources */,
			);
			buildRules = (
			);
			dependencies = (
				D96B6480249D17D400B14E91 /* PBXTargetDependency */,
			);
			name = Project_moobarak_finalUITests;
			productName = Project_moobarak_finalUITests;
			productReference = D96B647E249D17D400B14E91 /* Project_moobarak_finalUITests.xctest */;
			productType = "com.apple.product-type.bundle.ui-testing";
		};
/* End PBXNativeTarget section */

/* Begin PBXProject section */
		D96B6455249D17D100B14E91 /* Project object */ = {
			isa = PBXProject;
			attributes = {
				LastSwiftUpdateCheck = 1150;
				LastUpgradeCheck = 1150;
				ORGANIZATIONNAME = "Alay Desai";
				TargetAttributes = {
					D96B645C249D17D100B14E91 = {
						CreatedOnToolsVersion = 11.5;
					};
					D96B6472249D17D400B14E91 = {
						CreatedOnToolsVersion = 11.5;
						TestTargetID = D96B645C249D17D100B14E91;
					};
					D96B647D249D17D400B14E91 = {
						CreatedOnToolsVersion = 11.5;
						TestTargetID = D96B645C249D17D100B14E91;
					};
				};
			};
			buildConfigurationList = D96B6458249D17D100B14E91 /* Build configuration list for PBXProject "Project_moobarak_final" */;
			compatibilityVersion = "Xcode 9.3";
			developmentRegion = en;
			hasScannedForEncodings = 0;
			knownRegions = (
				en,
				Base,
			);
			mainGroup = D96B6454249D17D100B14E91;
			productRefGroup = D96B645E249D17D100B14E91 /* Products */;
			projectDirPath = "";
			projectRoot = "";
			targets = (
				D96B645C249D17D100B14E91 /* Project_moobarak_final */,
				D96B6472249D17D400B14E91 /* Project_moobarak_finalTests */,
				D96B647D249D17D400B14E91 /* Project_moobarak_finalUITests */,
			);
		};
/* End PBXProject section */

/* Begin PBXResourcesBuildPhase section */
		D96B645B249D17D100B14E91 /* Resources */ = {
			isa = PBXResourcesBuildPhase;
			buildActionMask = 2147483647;
			files = (
				D96B646D249D17D400B14E91 /* LaunchScreen.storyboard in Resources */,
				D96B646A249D17D400B14E91 /* Preview Assets.xcassets in Resources */,
				D96B6467249D17D400B14E91 /* Assets.xcassets in Resources */,
			);
			runOnlyForDeploymentPostprocessing = 0;
		};
		D96B6471249D17D400B14E91 /* Resources */ = {
			isa = PBXResourcesBuildPhase;
			buildActionMask = 2147483647;
			files = (
			);
			runOnlyForDeploymentPostprocessing = 0;
		};
		D96B647C249D17D400B14E91 /* Resources */ = {
			isa = PBXResourcesBuildPhase;
			buildActionMask = 2147483647;
			files = (
			);
			runOnlyForDeploymentPostprocessing = 0;
		};
/* End PBXResourcesBuildPhase section */

/* Begin PBXSourcesBuildPhase section */
		D96B6459249D17D100B14E91 /* Sources */ = {
			isa = PBXSourcesBuildPhase;
			buildActionMask = 2147483647;
			files = (
				D96B6461249D17D100B14E91 /* AppDelegate.swift in Sources */,
				D96B6463249D17D200B14E91 /* SceneDelegate.swift in Sources */,
				D96B6465249D17D200B14E91 /* ContentView.swift in Sources */,
			);
			runOnlyForDeploymentPostprocessing = 0;
		};
		D96B646F249D17D400B14E91 /* Sources */ = {
			isa = PBXSourcesBuildPhase;
			buildActionMask = 2147483647;
			files = (
				D96B6478249D17D400B14E91 /* Project_moobarak_finalTests.swift in Sources */,
			);
			runOnlyForDeploymentPostprocessing = 0;
		};
		D96B647A249D17D400B14E91 /* Sources */ = {
			isa = PBXSourcesBuildPhase;
			buildActionMask = 2147483647;
			files = (
				D96B6483249D17D400B14E91 /* Project_moobarak_finalUITests.swift in Sources */,
			);
			runOnlyForDeploymentPostprocessing = 0;
		};
/* End PBXSourcesBuildPhase section */

/* Begin PBXTargetDependency section */
		D96B6475249D17D400B14E91 /* PBXTargetDependency */ = {
			isa = PBXTargetDependency;
			target = D96B645C249D17D100B14E91 /* Project_moobarak_final */;
			targetProxy = D96B6474249D17D400B14E91 /* PBXContainerItemProxy */;
		};
		D96B6480249D17D400B14E91 /* PBXTargetDependency */ = {
			isa = PBXTargetDependency;
			target = D96B645C249D17D100B14E91 /* Project_moobarak_final */;
			targetProxy = D96B647F249D17D400B14E91 /* PBXContainerItemProxy */;
		};
/* End PBXTargetDependency section */

/* Begin PBXVariantGroup section */
		D96B646B249D17D400B14E91 /* LaunchScreen.storyboard */ = {
			isa = PBXVariantGroup;
			children = (
				D96B646C249D17D400B14E91 /* Base */,
			);
			name = LaunchScreen.storyboard;
			sourceTree = "<group>";
		};
/* End PBXVariantGroup section */

/* Begin XCBuildConfiguration section */
		D96B6485249D17D400B14E91 /* Debug */ = {
			isa = XCBuildConfiguration;
			buildSettings = {
				ALWAYS_SEARCH_USER_PATHS = NO;
				CLANG_ANALYZER_NONNULL = YES;
				CLANG_ANALYZER_NUMBER_OBJECT_CONVERSION = YES_AGGRESSIVE;
				CLANG_CXX_LANGUAGE_STANDARD = "gnu++14";
				CLANG_CXX_LIBRARY = "libc++";
				CLANG_ENABLE_MODULES = YES;
				CLANG_ENABLE_OBJC_ARC = YES;
				CLANG_ENABLE_OBJC_WEAK = YES;
				CLANG_WARN_BLOCK_CAPTURE_AUTORELEASING = YES;
				CLANG_WARN_BOOL_CONVERSION = YES;
				CLANG_WARN_COMMA = YES;
				CLANG_WARN_CONSTANT_CONVERSION = YES;
				CLANG_WARN_DEPRECATED_OBJC_IMPLEMENTATIONS = YES;
				CLANG_WARN_DIRECT_OBJC_ISA_USAGE = YES_ERROR;
				CLANG_WARN_DOCUMENTATION_COMMENTS = YES;
				CLANG_WARN_EMPTY_BODY = YES;
				CLANG_WARN_ENUM_CONVERSION = YES;
				CLANG_WARN_INFINITE_RECURSION = YES;
				CLANG_WARN_INT_CONVERSION = YES;
				CLANG_WARN_NON_LITERAL_NULL_CONVERSION = YES;
				CLANG_WARN_OBJC_IMPLICIT_RETAIN_SELF = YES;
				CLANG_WARN_OBJC_LITERAL_CONVERSION = YES;
				CLANG_WARN_OBJC_ROOT_CLASS = YES_ERROR;
				CLANG_WARN_RANGE_LOOP_ANALYSIS = YES;
				CLANG_WARN_STRICT_PROTOTYPES = YES;
				CLANG_WARN_SUSPICIOUS_MOVE = YES;
				CLANG_WARN_UNGUARDED_AVAILABILITY = YES_AGGRESSIVE;
				CLANG_WARN_UNREACHABLE_CODE = YES;
				CLANG_WARN__DUPLICATE_METHOD_MATCH = YES;
				COPY_PHASE_STRIP = NO;
				DEBUG_INFORMATION_FORMAT = dwarf;
				ENABLE_STRICT_OBJC_MSGSEND = YES;
				ENABLE_TESTABILITY = YES;
				GCC_C_LANGUAGE_STANDARD = gnu11;
				GCC_DYNAMIC_NO_PIC = NO;
				GCC_NO_COMMON_BLOCKS = YES;
				GCC_OPTIMIZATION_LEVEL = 0;
				GCC_PREPROCESSOR_DEFINITIONS = (
					"DEBUG=1",
					"$(inherited)",
				);
				GCC_WARN_64_TO_32_BIT_CONVERSION = YES;
				GCC_WARN_ABOUT_RETURN_TYPE = YES_ERROR;
				GCC_WARN_UNDECLARED_SELECTOR = YES;
				GCC_WARN_UNINITIALIZED_AUTOS = YES_AGGRESSIVE;
				GCC_WARN_UNUSED_FUNCTION = YES;
				GCC_WARN_UNUSED_VARIABLE = YES;
				IPHONEOS_DEPLOYMENT_TARGET = 13.5;
				MTL_ENABLE_DEBUG_INFO = INCLUDE_SOURCE;
				MTL_FAST_MATH = YES;
				ONLY_ACTIVE_ARCH = YES;
				SDKROOT = iphoneos;
				SWIFT_ACTIVE_COMPILATION_CONDITIONS = DEBUG;
				SWIFT_OPTIMIZATION_LEVEL = "-Onone";
			};
			name = Debug;
		};
		D96B6486249D17D400B14E91 /* Release */ = {
			isa = XCBuildConfiguration;
			buildSettings = {
				ALWAYS_SEARCH_USER_PATHS = NO;
				CLANG_ANALYZER_NONNULL = YES;
				CLANG_ANALYZER_NUMBER_OBJECT_CONVERSION = YES_AGGRESSIVE;
				CLANG_CXX_LANGUAGE_STANDARD = "gnu++14";
				CLANG_CXX_LIBRARY = "libc++";
				CLANG_ENABLE_MODULES = YES;
				CLANG_ENABLE_OBJC_ARC = YES;
				CLANG_ENABLE_OBJC_WEAK = YES;
				CLANG_WARN_BLOCK_CAPTURE_AUTORELEASING = YES;
				CLANG_WARN_BOOL_CONVERSION = YES;
				CLANG_WARN_COMMA = YES;
				CLANG_WARN_CONSTANT_CONVERSION = YES;
				CLANG_WARN_DEPRECATED_OBJC_IMPLEMENTATIONS = YES;
				CLANG_WARN_DIRECT_OBJC_ISA_USAGE = YES_ERROR;
				CLANG_WARN_DOCUMENTATION_COMMENTS = YES;
				CLANG_WARN_EMPTY_BODY = YES;
				CLANG_WARN_ENUM_CONVERSION = YES;
				CLANG_WARN_INFINITE_RECURSION = YES;
				CLANG_WARN_INT_CONVERSION = YES;
				CLANG_WARN_NON_LITERAL_NULL_CONVERSION = YES;
				CLANG_WARN_OBJC_IMPLICIT_RETAIN_SELF = YES;
				CLANG_WARN_OBJC_LITERAL_CONVERSION = YES;
				CLANG_WARN_OBJC_ROOT_CLASS = YES_ERROR;
				CLANG_WARN_RANGE_LOOP_ANALYSIS = YES;
				CLANG_WARN_STRICT_PROTOTYPES = YES;
				CLANG_WARN_SUSPICIOUS_MOVE = YES;
				CLANG_WARN_UNGUARDED_AVAILABILITY = YES_AGGRESSIVE;
				CLANG_WARN_UNREACHABLE_CODE = YES;
				CLANG_WARN__DUPLICATE_METHOD_MATCH = YES;
				COPY_PHASE_STRIP = NO;
				DEBUG_INFORMATION_FORMAT = "dwarf-with-dsym";
				ENABLE_NS_ASSERTIONS = NO;
				ENABLE_STRICT_OBJC_MSGSEND = YES;
				GCC_C_LANGUAGE_STANDARD = gnu11;
				GCC_NO_COMMON_BLOCKS = YES;
				GCC_WARN_64_TO_32_BIT_CONVERSION = YES;
				GCC_WARN_ABOUT_RETURN_TYPE = YES_ERROR;
				GCC_WARN_UNDECLARED_SELECTOR = YES;
				GCC_WARN_UNINITIALIZED_AUTOS = YES_AGGRESSIVE;
				GCC_WARN_UNUSED_FUNCTION = YES;
				GCC_WARN_UNUSED_VARIABLE = YES;
				IPHONEOS_DEPLOYMENT_TARGET = 13.5;
				MTL_ENABLE_DEBUG_INFO = NO;
				MTL_FAST_MATH = YES;
				SDKROOT = iphoneos;
				SWIFT_COMPILATION_MODE = wholemodule;
				SWIFT_OPTIMIZATION_LEVEL = "-O";
				VALIDATE_PRODUCT = YES;
			};
			name = Release;
		};
		D96B6488249D17D400B14E91 /* Debug */ = {
			isa = XCBuildConfiguration;
			buildSettings = {
				ASSETCATALOG_COMPILER_APPICON_NAME = AppIcon;
				CODE_SIGN_STYLE = Automatic;
				DEVELOPMENT_ASSET_PATHS = "\"Project_moobarak_final/Preview Content\"";
				DEVELOPMENT_TEAM = J3M2YK24PW;
				ENABLE_PREVIEWS = YES;
				INFOPLIST_FILE = Project_moobarak_final/Info.plist;
				LD_RUNPATH_SEARCH_PATHS = (
					"$(inherited)",
					"@executable_path/Frameworks",
				);
				PRODUCT_BUNDLE_IDENTIFIER = "codesmart.Project-moobarak-final";
				PRODUCT_NAME = "$(TARGET_NAME)";
				SWIFT_VERSION = 5.0;
				TARGETED_DEVICE_FAMILY = "1,2";
			};
			name = Debug;
		};
		D96B6489249D17D400B14E91 /* Release */ = {
			isa = XCBuildConfiguration;
			buildSettings = {
				ASSETCATALOG_COMPILER_APPICON_NAME = AppIcon;
				CODE_SIGN_STYLE = Automatic;
				DEVELOPMENT_ASSET_PATHS = "\"Project_moobarak_final/Preview Content\"";
				DEVELOPMENT_TEAM = J3M2YK24PW;
				ENABLE_PREVIEWS = YES;
				INFOPLIST_FILE = Project_moobarak_final/Info.plist;
				LD_RUNPATH_SEARCH_PATHS = (
					"$(inherited)",
					"@executable_path/Frameworks",
				);
				PRODUCT_BUNDLE_IDENTIFIER = "codesmart.Project-moobarak-final";
				PRODUCT_NAME = "$(TARGET_NAME)";
				SWIFT_VERSION = 5.0;
				TARGETED_DEVICE_FAMILY = "1,2";
			};
			name = Release;
		};
		D96B648B249D17D400B14E91 /* Debug */ = {
			isa = XCBuildConfiguration;
			buildSettings = {
				ALWAYS_EMBED_SWIFT_STANDARD_LIBRARIES = YES;
				BUNDLE_LOADER = "$(TEST_HOST)";
				CODE_SIGN_STYLE = Automatic;
				DEVELOPMENT_TEAM = J3M2YK24PW;
				INFOPLIST_FILE = Project_moobarak_finalTests/Info.plist;
				IPHONEOS_DEPLOYMENT_TARGET = 13.5;
				LD_RUNPATH_SEARCH_PATHS = (
					"$(inherited)",
					"@executable_path/Frameworks",
					"@loader_path/Frameworks",
				);
				PRODUCT_BUNDLE_IDENTIFIER = "codesmart.Project-moobarak-finalTests";
				PRODUCT_NAME = "$(TARGET_NAME)";
				SWIFT_VERSION = 5.0;
				TARGETED_DEVICE_FAMILY = "1,2";
				TEST_HOST = "$(BUILT_PRODUCTS_DIR)/Project_moobarak_final.app/Project_moobarak_final";
			};
			name = Debug;
		};
		D96B648C249D17D400B14E91 /* Release */ = {
			isa = XCBuildConfiguration;
			buildSettings = {
				ALWAYS_EMBED_SWIFT_STANDARD_LIBRARIES = YES;
				BUNDLE_LOADER = "$(TEST_HOST)";
				CODE_SIGN_STYLE = Automatic;
				DEVELOPMENT_TEAM = J3M2YK24PW;
				INFOPLIST_FILE = Project_moobarak_finalTests/Info.plist;
				IPHONEOS_DEPLOYMENT_TARGET = 13.5;
				LD_RUNPATH_SEARCH_PATHS = (
					"$(inherited)",
					"@executable_path/Frameworks",
					"@loader_path/Frameworks",
				);
				PRODUCT_BUNDLE_IDENTIFIER = "codesmart.Project-moobarak-finalTests";
				PRODUCT_NAME = "$(TARGET_NAME)";
				SWIFT_VERSION = 5.0;
				TARGETED_DEVICE_FAMILY = "1,2";
				TEST_HOST = "$(BUILT_PRODUCTS_DIR)/Project_moobarak_final.app/Project_moobarak_final";
			};
			name = Release;
		};
		D96B648E249D17D400B14E91 /* Debug */ = {
			isa = XCBuildConfiguration;
			buildSettings = {
				ALWAYS_EMBED_SWIFT_STANDARD_LIBRARIES = YES;
				CODE_SIGN_STYLE = Automatic;
				DEVELOPMENT_TEAM = J3M2YK24PW;
				INFOPLIST_FILE = Project_moobarak_finalUITests/Info.plist;
				LD_RUNPATH_SEARCH_PATHS = (
					"$(inherited)",
					"@executable_path/Frameworks",
					"@loader_path/Frameworks",
				);
				PRODUCT_BUNDLE_IDENTIFIER = "codesmart.Project-moobarak-finalUITests";
				PRODUCT_NAME = "$(TARGET_NAME)";
				SWIFT_VERSION = 5.0;
				TARGETED_DEVICE_FAMILY = "1,2";
				TEST_TARGET_NAME = Project_moobarak_final;
			};
			name = Debug;
		};
		D96B648F249D17D400B14E91 /* Release */ = {
			isa = XCBuildConfiguration;
			buildSettings = {
				ALWAYS_EMBED_SWIFT_STANDARD_LIBRARIES = YES;
				CODE_SIGN_STYLE = Automatic;
				DEVELOPMENT_TEAM = J3M2YK24PW;
				INFOPLIST_FILE = Project_moobarak_finalUITests/Info.plist;
				LD_RUNPATH_SEARCH_PATHS = (
					"$(inherited)",
					"@executable_path/Frameworks",
					"@loader_path/Frameworks",
				);
				PRODUCT_BUNDLE_IDENTIFIER = "codesmart.Project-moobarak-finalUITests";
				PRODUCT_NAME = "$(TARGET_NAME)";
				SWIFT_VERSION = 5.0;
				TARGETED_DEVICE_FAMILY = "1,2";
				TEST_TARGET_NAME = Project_moobarak_final;
			};
			name = Release;
		};
/* End XCBuildConfiguration section */

/* Begin XCConfigurationList section */
		D96B6458249D17D100B14E91 /* Build configuration list for PBXProject "Project_moobarak_final" */ = {
			isa = XCConfigurationList;
			buildConfigurations = (
				D96B6485249D17D400B14E91 /* Debug */,
				D96B6486249D17D400B14E91 /* Release */,
			);
			defaultConfigurationIsVisible = 0;
			defaultConfigurationName = Release;
		};
		D96B6487249D17D400B14E91 /* Build configuration list for PBXNativeTarget "Project_moobarak_final" */ = {
			isa = XCConfigurationList;
			buildConfigurations = (
				D96B6488249D17D400B14E91 /* Debug */,
				D96B6489249D17D400B14E91 /* Release */,
			);
			defaultConfigurationIsVisible = 0;
			defaultConfigurationName = Release;
		};
		D96B648A249D17D400B14E91 /* Build configuration list for PBXNativeTarget "Project_moobarak_finalTests" */ = {
			isa = XCConfigurationList;
			buildConfigurations = (
				D96B648B249D17D400B14E91 /* Debug */,
				D96B648C249D17D400B14E91 /* Release */,
			);
			defaultConfigurationIsVisible = 0;
			defaultConfigurationName = Release;
		};
		D96B648D249D17D400B14E91 /* Build configuration list for PBXNativeTarget "Project_moobarak_finalUITests" */ = {
			isa = XCConfigurationList;
			buildConfigurations = (
				D96B648E249D17D400B14E91 /* Debug */,
				D96B648F249D17D400B14E91 /* Release */,
			);
			defaultConfigurationIsVisible = 0;
			defaultConfigurationName = Release;
		};
/* End XCConfigurationList section */
	};
	rootObject = D96B6455249D17D100B14E91 /* Project object */;
}
